// !$*UTF8*$!
{
	archiveVersion = 1;
	classes = {
	};
	objectVersion = 55;
	objects = {

/* Begin PBXBuildFile section */
		BEEB2BC72816112600C929B6 /* AppDelegate.swift in Sources */ = {isa = PBXBuildFile; fileRef = BEEB2BC62816112600C929B6 /* AppDelegate.swift */; };
		BEEB2BCB2816112700C929B6 /* Assets.xcassets in Resources */ = {isa = PBXBuildFile; fileRef = BEEB2BCA2816112700C929B6 /* Assets.xcassets */; };
		BEEB2BCE2816112700C929B6 /* Main.storyboard in Resources */ = {isa = PBXBuildFile; fileRef = BEEB2BCC2816112700C929B6 /* Main.storyboard */; };
		BEEB2BD8281622BD00C929B6 /* Day.swift in Sources */ = {isa = PBXBuildFile; fileRef = BEEB2BD7281622BD00C929B6 /* Day.swift */; };
		BEEB2BDB2816278000C929B6 /* MenuManager.swift in Sources */ = {isa = PBXBuildFile; fileRef = BEEB2BDA2816278000C929B6 /* MenuManager.swift */; };
		BEEB2BDE28162EE900C929B6 /* DayView.swift in Sources */ = {isa = PBXBuildFile; fileRef = BEEB2BDD28162EE900C929B6 /* DayView.swift */; };
		BEEB2BE02816590D00C929B6 /* Mood.swift in Sources */ = {isa = PBXBuildFile; fileRef = BEEB2BDF2816590D00C929B6 /* Mood.swift */; };
		BEEB2BE2281724AD00C929B6 /* DayManager.swift in Sources */ = {isa = PBXBuildFile; fileRef = BEEB2BE1281724AD00C929B6 /* DayManager.swift */; };
		BEEB2BE4281724E300C929B6 /* DataStore.swift in Sources */ = {isa = PBXBuildFile; fileRef = BEEB2BE3281724E300C929B6 /* DataStore.swift */; };
		BEF9B6802817745700A283B3 /* CalendarDay.swift in Sources */ = {isa = PBXBuildFile; fileRef = BEF9B67F2817745700A283B3 /* CalendarDay.swift */; };
/* End PBXBuildFile section */

/* Begin PBXFileReference section */
		BEEB2BC32816112600C929B6 /* Average Day.app */ = {isa = PBXFileReference; explicitFileType = wrapper.application; includeInIndex = 0; path = "Average Day.app"; sourceTree = BUILT_PRODUCTS_DIR; };
		BEEB2BC62816112600C929B6 /* AppDelegate.swift */ = {isa = PBXFileReference; lastKnownFileType = sourcecode.swift; path = AppDelegate.swift; sourceTree = "<group>"; };
		BEEB2BCA2816112700C929B6 /* Assets.xcassets */ = {isa = PBXFileReference; lastKnownFileType = folder.assetcatalog; path = Assets.xcassets; sourceTree = "<group>"; };
		BEEB2BCD2816112700C929B6 /* Base */ = {isa = PBXFileReference; lastKnownFileType = file.storyboard; name = Base; path = Base.lproj/Main.storyboard; sourceTree = "<group>"; };
		BEEB2BCF2816112700C929B6 /* AverageDay.entitlements */ = {isa = PBXFileReference; lastKnownFileType = text.plist.entitlements; path = AverageDay.entitlements; sourceTree = "<group>"; };
		BEEB2BD5281612DE00C929B6 /* Info.plist */ = {isa = PBXFileReference; lastKnownFileType = text.plist; path = Info.plist; sourceTree = "<group>"; };
		BEEB2BD7281622BD00C929B6 /* Day.swift */ = {isa = PBXFileReference; lastKnownFileType = sourcecode.swift; path = Day.swift; sourceTree = "<group>"; };
		BEEB2BDA2816278000C929B6 /* MenuManager.swift */ = {isa = PBXFileReference; lastKnownFileType = sourcecode.swift; path = MenuManager.swift; sourceTree = "<group>"; };
		BEEB2BDD28162EE900C929B6 /* DayView.swift */ = {isa = PBXFileReference; lastKnownFileType = sourcecode.swift; path = DayView.swift; sourceTree = "<group>"; };
		BEEB2BDF2816590D00C929B6 /* Mood.swift */ = {isa = PBXFileReference; lastKnownFileType = sourcecode.swift; path = Mood.swift; sourceTree = "<group>"; };
		BEEB2BE1281724AD00C929B6 /* DayManager.swift */ = {isa = PBXFileReference; lastKnownFileType = sourcecode.swift; path = DayManager.swift; sourceTree = "<group>"; };
		BEEB2BE3281724E300C929B6 /* DataStore.swift */ = {isa = PBXFileReference; lastKnownFileType = sourcecode.swift; path = DataStore.swift; sourceTree = "<group>"; };
		BEF9B67F2817745700A283B3 /* CalendarDay.swift */ = {isa = PBXFileReference; lastKnownFileType = sourcecode.swift; path = CalendarDay.swift; sourceTree = "<group>"; };
/* End PBXFileReference section */

/* Begin PBXFrameworksBuildPhase section */
		BEEB2BC02816112600C929B6 /* Frameworks */ = {
			isa = PBXFrameworksBuildPhase;
			buildActionMask = 2147483647;
			files = (
			);
			runOnlyForDeploymentPostprocessing = 0;
		};
/* End PBXFrameworksBuildPhase section */

/* Begin PBXGroup section */
		BEEB2BBA2816112600C929B6 = {
			isa = PBXGroup;
			children = (
				BEEB2BC52816112600C929B6 /* AverageDay */,
				BEEB2BC42816112600C929B6 /* Products */,
			);
			sourceTree = "<group>";
		};
		BEEB2BC42816112600C929B6 /* Products */ = {
			isa = PBXGroup;
			children = (
				BEEB2BC32816112600C929B6 /* Average Day.app */,
			);
			name = Products;
			sourceTree = "<group>";
		};
		BEEB2BC52816112600C929B6 /* AverageDay */ = {
			isa = PBXGroup;
			children = (
				BEEB2BDC28162ECC00C929B6 /* Views */,
				BEEB2BD92816276700C929B6 /* Managers */,
				BEEB2BD62816200900C929B6 /* Models */,
				BEEB2BD5281612DE00C929B6 /* Info.plist */,
				BEEB2BC62816112600C929B6 /* AppDelegate.swift */,
				BEEB2BCA2816112700C929B6 /* Assets.xcassets */,
				BEEB2BCC2816112700C929B6 /* Main.storyboard */,
				BEEB2BCF2816112700C929B6 /* AverageDay.entitlements */,
			);
			path = AverageDay;
			sourceTree = "<group>";
		};
		BEEB2BD62816200900C929B6 /* Models */ = {
			isa = PBXGroup;
			children = (
				BEEB2BD7281622BD00C929B6 /* Day.swift */,
				BEEB2BDF2816590D00C929B6 /* Mood.swift */,
				BEEB2BE3281724E300C929B6 /* DataStore.swift */,
				BEF9B67F2817745700A283B3 /* CalendarDay.swift */,
			);
			path = Models;
			sourceTree = "<group>";
		};
		BEEB2BD92816276700C929B6 /* Managers */ = {
			isa = PBXGroup;
			children = (
				BEEB2BDA2816278000C929B6 /* MenuManager.swift */,
				BEEB2BE1281724AD00C929B6 /* DayManager.swift */,
			);
			path = Managers;
			sourceTree = "<group>";
		};
		BEEB2BDC28162ECC00C929B6 /* Views */ = {
			isa = PBXGroup;
			children = (
				BEEB2BDD28162EE900C929B6 /* DayView.swift */,
			);
			path = Views;
			sourceTree = "<group>";
		};
/* End PBXGroup section */

/* Begin PBXNativeTarget section */
		BEEB2BC22816112600C929B6 /* Average Day */ = {
			isa = PBXNativeTarget;
			buildConfigurationList = BEEB2BD22816112700C929B6 /* Build configuration list for PBXNativeTarget "Average Day" */;
			buildPhases = (
				BEEB2BBF2816112600C929B6 /* Sources */,
				BEEB2BC02816112600C929B6 /* Frameworks */,
				BEEB2BC12816112600C929B6 /* Resources */,
			);
			buildRules = (
			);
			dependencies = (
			);
			name = "Average Day";
			productName = AverageDay;
			productReference = BEEB2BC32816112600C929B6 /* Average Day.app */;
			productType = "com.apple.product-type.application";
		};
/* End PBXNativeTarget section */

/* Begin PBXProject section */
		BEEB2BBB2816112600C929B6 /* Project object */ = {
			isa = PBXProject;
			attributes = {
				BuildIndependentTargetsInParallel = 1;
				LastSwiftUpdateCheck = 1330;
				LastUpgradeCheck = 1330;
				TargetAttributes = {
					BEEB2BC22816112600C929B6 = {
						CreatedOnToolsVersion = 13.3.1;
					};
				};
			};
			buildConfigurationList = BEEB2BBE2816112600C929B6 /* Build configuration list for PBXProject "AverageDay" */;
			compatibilityVersion = "Xcode 13.0";
			developmentRegion = en;
			hasScannedForEncodings = 0;
			knownRegions = (
				en,
				Base,
			);
			mainGroup = BEEB2BBA2816112600C929B6;
			productRefGroup = BEEB2BC42816112600C929B6 /* Products */;
			projectDirPath = "";
			projectRoot = "";
			targets = (
				BEEB2BC22816112600C929B6 /* Average Day */,
			);
		};
/* End PBXProject section */

/* Begin PBXResourcesBuildPhase section */
		BEEB2BC12816112600C929B6 /* Resources */ = {
			isa = PBXResourcesBuildPhase;
			buildActionMask = 2147483647;
			files = (
				BEEB2BCB2816112700C929B6 /* Assets.xcassets in Resources */,
				BEEB2BCE2816112700C929B6 /* Main.storyboard in Resources */,
			);
			runOnlyForDeploymentPostprocessing = 0;
		};
/* End PBXResourcesBuildPhase section */

/* Begin PBXSourcesBuildPhase section */
		BEEB2BBF2816112600C929B6 /* Sources */ = {
			isa = PBXSourcesBuildPhase;
			buildActionMask = 2147483647;
			files = (
				BEF9B6802817745700A283B3 /* CalendarDay.swift in Sources */,
				BEEB2BE4281724E300C929B6 /* DataStore.swift in Sources */,
				BEEB2BE2281724AD00C929B6 /* DayManager.swift in Sources */,
				BEEB2BE02816590D00C929B6 /* Mood.swift in Sources */,
				BEEB2BDB2816278000C929B6 /* MenuManager.swift in Sources */,
				BEEB2BDE28162EE900C929B6 /* DayView.swift in Sources */,
				BEEB2BD8281622BD00C929B6 /* Day.swift in Sources */,
				BEEB2BC72816112600C929B6 /* AppDelegate.swift in Sources */,
			);
			runOnlyForDeploymentPostprocessing = 0;
		};
/* End PBXSourcesBuildPhase section */

/* Begin PBXVariantGroup section */
		BEEB2BCC2816112700C929B6 /* Main.storyboard */ = {
			isa = PBXVariantGroup;
			children = (
				BEEB2BCD2816112700C929B6 /* Base */,
			);
			name = Main.storyboard;
			sourceTree = "<group>";
		};
/* End PBXVariantGroup section */

/* Begin XCBuildConfiguration section */
		BEEB2BD02816112700C929B6 /* Debug */ = {
			isa = XCBuildConfiguration;
			buildSettings = {
				ALWAYS_SEARCH_USER_PATHS = NO;
				CLANG_ANALYZER_NONNULL = YES;
				CLANG_ANALYZER_NUMBER_OBJECT_CONVERSION = YES_AGGRESSIVE;
				CLANG_CXX_LANGUAGE_STANDARD = "gnu++17";
				CLANG_ENABLE_MODULES = YES;
				CLANG_ENABLE_OBJC_ARC = YES;
				CLANG_ENABLE_OBJC_WEAK = YES;
				CLANG_WARN_BLOCK_CAPTURE_AUTORELEASING = YES;
				CLANG_WARN_BOOL_CONVERSION = YES;
				CLANG_WARN_COMMA = YES;
				CLANG_WARN_CONSTANT_CONVERSION = YES;
				CLANG_WARN_DEPRECATED_OBJC_IMPLEMENTATIONS = YES;
				CLANG_WARN_DIRECT_OBJC_ISA_USAGE = YES_ERROR;
				CLANG_WARN_DOCUMENTATION_COMMENTS = YES;
				CLANG_WARN_EMPTY_BODY = YES;
				CLANG_WARN_ENUM_CONVERSION = YES;
				CLANG_WARN_INFINITE_RECURSION = YES;
				CLANG_WARN_INT_CONVERSION = YES;
				CLANG_WARN_NON_LITERAL_NULL_CONVERSION = YES;
				CLANG_WARN_OBJC_IMPLICIT_RETAIN_SELF = YES;
				CLANG_WARN_OBJC_LITERAL_CONVERSION = YES;
				CLANG_WARN_OBJC_ROOT_CLASS = YES_ERROR;
				CLANG_WARN_QUOTED_INCLUDE_IN_FRAMEWORK_HEADER = YES;
				CLANG_WARN_RANGE_LOOP_ANALYSIS = YES;
				CLANG_WARN_STRICT_PROTOTYPES = YES;
				CLANG_WARN_SUSPICIOUS_MOVE = YES;
				CLANG_WARN_UNGUARDED_AVAILABILITY = YES_AGGRESSIVE;
				CLANG_WARN_UNREACHABLE_CODE = YES;
				CLANG_WARN__DUPLICATE_METHOD_MATCH = YES;
				COPY_PHASE_STRIP = NO;
				DEBUG_INFORMATION_FORMAT = dwarf;
				ENABLE_STRICT_OBJC_MSGSEND = YES;
				ENABLE_TESTABILITY = YES;
				GCC_C_LANGUAGE_STANDARD = gnu11;
				GCC_DYNAMIC_NO_PIC = NO;
				GCC_NO_COMMON_BLOCKS = YES;
				GCC_OPTIMIZATION_LEVEL = 0;
				GCC_PREPROCESSOR_DEFINITIONS = (
					"DEBUG=1",
					"$(inherited)",
				);
				GCC_WARN_64_TO_32_BIT_CONVERSION = YES;
				GCC_WARN_ABOUT_RETURN_TYPE = YES_ERROR;
				GCC_WARN_UNDECLARED_SELECTOR = YES;
				GCC_WARN_UNINITIALIZED_AUTOS = YES_AGGRESSIVE;
				GCC_WARN_UNUSED_FUNCTION = YES;
				GCC_WARN_UNUSED_VARIABLE = YES;
				MACOSX_DEPLOYMENT_TARGET = 12.3;
				MTL_ENABLE_DEBUG_INFO = INCLUDE_SOURCE;
				MTL_FAST_MATH = YES;
				ONLY_ACTIVE_ARCH = YES;
				SDKROOT = macosx;
				SWIFT_ACTIVE_COMPILATION_CONDITIONS = DEBUG;
				SWIFT_OPTIMIZATION_LEVEL = "-Onone";
			};
			name = Debug;
		};
		BEEB2BD12816112700C929B6 /* Release */ = {
			isa = XCBuildConfiguration;
			buildSettings = {
				ALWAYS_SEARCH_USER_PATHS = NO;
				CLANG_ANALYZER_NONNULL = YES;
				CLANG_ANALYZER_NUMBER_OBJECT_CONVERSION = YES_AGGRESSIVE;
				CLANG_CXX_LANGUAGE_STANDARD = "gnu++17";
				CLANG_ENABLE_MODULES = YES;
				CLANG_ENABLE_OBJC_ARC = YES;
				CLANG_ENABLE_OBJC_WEAK = YES;
				CLANG_WARN_BLOCK_CAPTURE_AUTORELEASING = YES;
				CLANG_WARN_BOOL_CONVERSION = YES;
				CLANG_WARN_COMMA = YES;
				CLANG_WARN_CONSTANT_CONVERSION = YES;
				CLANG_WARN_DEPRECATED_OBJC_IMPLEMENTATIONS = YES;
				CLANG_WARN_DIRECT_OBJC_ISA_USAGE = YES_ERROR;
				CLANG_WARN_DOCUMENTATION_COMMENTS = YES;
				CLANG_WARN_EMPTY_BODY = YES;
				CLANG_WARN_ENUM_CONVERSION = YES;
				CLANG_WARN_INFINITE_RECURSION = YES;
				CLANG_WARN_INT_CONVERSION = YES;
				CLANG_WARN_NON_LITERAL_NULL_CONVERSION = YES;
				CLANG_WARN_OBJC_IMPLICIT_RETAIN_SELF = YES;
				CLANG_WARN_OBJC_LITERAL_CONVERSION = YES;
				CLANG_WARN_OBJC_ROOT_CLASS = YES_ERROR;
				CLANG_WARN_QUOTED_INCLUDE_IN_FRAMEWORK_HEADER = YES;
				CLANG_WARN_RANGE_LOOP_ANALYSIS = YES;
				CLANG_WARN_STRICT_PROTOTYPES = YES;
				CLANG_WARN_SUSPICIOUS_MOVE = YES;
				CLANG_WARN_UNGUARDED_AVAILABILITY = YES_AGGRESSIVE;
				CLANG_WARN_UNREACHABLE_CODE = YES;
				CLANG_WARN__DUPLICATE_METHOD_MATCH = YES;
				COPY_PHASE_STRIP = NO;
				DEBUG_INFORMATION_FORMAT = "dwarf-with-dsym";
				ENABLE_NS_ASSERTIONS = NO;
				ENABLE_STRICT_OBJC_MSGSEND = YES;
				GCC_C_LANGUAGE_STANDARD = gnu11;
				GCC_NO_COMMON_BLOCKS = YES;
				GCC_WARN_64_TO_32_BIT_CONVERSION = YES;
				GCC_WARN_ABOUT_RETURN_TYPE = YES_ERROR;
				GCC_WARN_UNDECLARED_SELECTOR = YES;
				GCC_WARN_UNINITIALIZED_AUTOS = YES_AGGRESSIVE;
				GCC_WARN_UNUSED_FUNCTION = YES;
				GCC_WARN_UNUSED_VARIABLE = YES;
				MACOSX_DEPLOYMENT_TARGET = 12.3;
				MTL_ENABLE_DEBUG_INFO = NO;
				MTL_FAST_MATH = YES;
				SDKROOT = macosx;
				SWIFT_COMPILATION_MODE = wholemodule;
				SWIFT_OPTIMIZATION_LEVEL = "-O";
			};
			name = Release;
		};
		BEEB2BD32816112700C929B6 /* Debug */ = {
			isa = XCBuildConfiguration;
			buildSettings = {
				ASSETCATALOG_COMPILER_APPICON_NAME = AppIcon;
				ASSETCATALOG_COMPILER_GLOBAL_ACCENT_COLOR_NAME = AccentColor;
				CODE_SIGN_ENTITLEMENTS = AverageDay/AverageDay.entitlements;
				CODE_SIGN_STYLE = Automatic;
				COMBINE_HIDPI_IMAGES = YES;
				CURRENT_PROJECT_VERSION = 1;
				DEVELOPMENT_TEAM = 7QBR6L4T36;
				ENABLE_HARDENED_RUNTIME = YES;
				GENERATE_INFOPLIST_FILE = YES;
				INFOPLIST_FILE = AverageDay/Info.plist;
				INFOPLIST_KEY_NSHumanReadableCopyright = "";
				INFOPLIST_KEY_NSMainStoryboardFile = Main;
				INFOPLIST_KEY_NSPrincipalClass = NSApplication;
				LD_RUNPATH_SEARCH_PATHS = (
					"$(inherited)",
					"@executable_path/../Frameworks",
				);
				MARKETING_VERSION = 1.0;
				PRODUCT_BUNDLE_IDENTIFIER = com.jmanuelzaragoza.AverageDay;
				PRODUCT_NAME = "$(TARGET_NAME)";
				SWIFT_EMIT_LOC_STRINGS = YES;
				SWIFT_VERSION = 5.0;
			};
			name = Debug;
		};
		BEEB2BD42816112700C929B6 /* Release */ = {
			isa = XCBuildConfiguration;
			buildSettings = {
				ASSETCATALOG_COMPILER_APPICON_NAME = AppIcon;
				ASSETCATALOG_COMPILER_GLOBAL_ACCENT_COLOR_NAME = AccentColor;
				CODE_SIGN_ENTITLEMENTS = AverageDay/AverageDay.entitlements;
				CODE_SIGN_STYLE = Automatic;
				COMBINE_HIDPI_IMAGES = YES;
				CURRENT_PROJECT_VERSION = 1;
				DEVELOPMENT_TEAM = 7QBR6L4T36;
				ENABLE_HARDENED_RUNTIME = YES;
				GENERATE_INFOPLIST_FILE = YES;
				INFOPLIST_FILE = AverageDay/Info.plist;
				INFOPLIST_KEY_NSHumanReadableCopyright = "";
				INFOPLIST_KEY_NSMainStoryboardFile = Main;
				INFOPLIST_KEY_NSPrincipalClass = NSApplication;
				LD_RUNPATH_SEARCH_PATHS = (
					"$(inherited)",
					"@executable_path/../Frameworks",
				);
				MARKETING_VERSION = 1.0;
				PRODUCT_BUNDLE_IDENTIFIER = com.jmanuelzaragoza.AverageDay;
				PRODUCT_NAME = "$(TARGET_NAME)";
				SWIFT_EMIT_LOC_STRINGS = YES;
				SWIFT_VERSION = 5.0;
			};
			name = Release;
		};
/* End XCBuildConfiguration section */

/* Begin XCConfigurationList section */
		BEEB2BBE2816112600C929B6 /* Build configuration list for PBXProject "AverageDay" */ = {
			isa = XCConfigurationList;
			buildConfigurations = (
				BEEB2BD02816112700C929B6 /* Debug */,
				BEEB2BD12816112700C929B6 /* Release */,
			);
			defaultConfigurationIsVisible = 0;
			defaultConfigurationName = Release;
		};
		BEEB2BD22816112700C929B6 /* Build configuration list for PBXNativeTarget "Average Day" */ = {
			isa = XCConfigurationList;
			buildConfigurations = (
				BEEB2BD32816112700C929B6 /* Debug */,
				BEEB2BD42816112700C929B6 /* Release */,
			);
			defaultConfigurationIsVisible = 0;
			defaultConfigurationName = Release;
		};
/* End XCConfigurationList section */
	};
	rootObject = BEEB2BBB2816112600C929B6 /* Project object */;
}
